// !$*UTF8*$!
{
	archiveVersion = 1;
	classes = {
	};
	objectVersion = 55;
	objects = {

/* Begin PBXBuildFile section */
		FC39B91E29577D87003F3648 /* MongoSwift in Frameworks */ = {isa = PBXBuildFile; productRef = FC39B91D29577D87003F3648 /* MongoSwift */; };
		FC39B92029577FCA003F3648 /* MediaThumbView.swift in Sources */ = {isa = PBXBuildFile; fileRef = FC39B91F29577FCA003F3648 /* MediaThumbView.swift */; };
		FC39B9222957830F003F3648 /* MediaItemsViewModel.swift in Sources */ = {isa = PBXBuildFile; fileRef = FC39B9212957830F003F3648 /* MediaItemsViewModel.swift */; };
		FC39B924295783C5003F3648 /* SettingsView.swift in Sources */ = {isa = PBXBuildFile; fileRef = FC39B923295783C5003F3648 /* SettingsView.swift */; };
		FC39B92D2958F758003F3648 /* GeneralSettingsView.swift in Sources */ = {isa = PBXBuildFile; fileRef = FC39B92C2958F758003F3648 /* GeneralSettingsView.swift */; };
		FC39B92F2958F828003F3648 /* ServerSettingsView.swift in Sources */ = {isa = PBXBuildFile; fileRef = FC39B92E2958F828003F3648 /* ServerSettingsView.swift */; };
		FC39B934295A244F003F3648 /* MongoClientHolder.swift in Sources */ = {isa = PBXBuildFile; fileRef = FC39B933295A244F003F3648 /* MongoClientHolder.swift */; };
		FC3CAC4A289B6C0B00C96BF0 /* main.c in Sources */ = {isa = PBXBuildFile; fileRef = FC3CAC49289B6C0B00C96BF0 /* main.c */; };
		FC3CAC4F289B6C1D00C96BF0 /* organizer.c in Sources */ = {isa = PBXBuildFile; fileRef = FCC5FC31289B67E200617A0E /* organizer.c */; };
		FC3CAC50289B71E500C96BF0 /* mongo_tools.c in Sources */ = {isa = PBXBuildFile; fileRef = FC4FC72F289B67FA006E419F /* mongo_tools.c */; };
		FC5DD5B6289EADE400456566 /* image_tools.c in Sources */ = {isa = PBXBuildFile; fileRef = FC5DD5B5289EADE400456566 /* image_tools.c */; };
		FC78100D2967CD1400C0D641 /* ThumbViewModel.swift in Sources */ = {isa = PBXBuildFile; fileRef = FC78100C2967CD1400C0D641 /* ThumbViewModel.swift */; };
		FC78100F2967D93E00C0D641 /* GridViewModel.swift in Sources */ = {isa = PBXBuildFile; fileRef = FC78100E2967D93E00C0D641 /* GridViewModel.swift */; };
		FC78DEA2295E5395009F3F27 /* UploadsView.swift in Sources */ = {isa = PBXBuildFile; fileRef = FC78DEA1295E5395009F3F27 /* UploadsView.swift */; };
		FC78DEA4295E546B009F3F27 /* UploadsViewModel.swift in Sources */ = {isa = PBXBuildFile; fileRef = FC78DEA3295E546B009F3F27 /* UploadsViewModel.swift */; };
		FC78DEA6295F44AF009F3F27 /* MediaThumbAsyncGrid.swift in Sources */ = {isa = PBXBuildFile; fileRef = FC78DEA5295F44AF009F3F27 /* MediaThumbAsyncGrid.swift */; };
		FC78DEA82964AEA7009F3F27 /* View+onFrameChange.swift in Sources */ = {isa = PBXBuildFile; fileRef = FC78DEA72964AEA7009F3F27 /* View+onFrameChange.swift */; };
		FCD57DEA295A68700050C6F0 /* MediaItemDetailView.swift in Sources */ = {isa = PBXBuildFile; fileRef = FCD57DE9295A68700050C6F0 /* MediaItemDetailView.swift */; };
		FCDC4941295B725B00E2DDFE /* MediaItemDetailWindow.swift in Sources */ = {isa = PBXBuildFile; fileRef = FCDC4940295B725B00E2DDFE /* MediaItemDetailWindow.swift */; };
		FCFA10AF28ACBC3B009A5A65 /* MediaOrganizerApp.swift in Sources */ = {isa = PBXBuildFile; fileRef = FCFA10AE28ACBC3B009A5A65 /* MediaOrganizerApp.swift */; };
		FCFA10B128ACBC3B009A5A65 /* ContentView.swift in Sources */ = {isa = PBXBuildFile; fileRef = FCFA10B028ACBC3B009A5A65 /* ContentView.swift */; };
		FCFA10B328ACBC3B009A5A65 /* Assets.xcassets in Resources */ = {isa = PBXBuildFile; fileRef = FCFA10B228ACBC3B009A5A65 /* Assets.xcassets */; };
		FCFA10B628ACBC3B009A5A65 /* Preview Assets.xcassets in Resources */ = {isa = PBXBuildFile; fileRef = FCFA10B528ACBC3B009A5A65 /* Preview Assets.xcassets */; };
		FCFA10B828ACBC3B009A5A65 /* Persistence.swift in Sources */ = {isa = PBXBuildFile; fileRef = FCFA10B728ACBC3B009A5A65 /* Persistence.swift */; };
		FCFA10BB28ACBC3B009A5A65 /* MediaOrganizer.xcdatamodeld in Sources */ = {isa = PBXBuildFile; fileRef = FCFA10B928ACBC3B009A5A65 /* MediaOrganizer.xcdatamodeld */; };
		FCFA10C628ACBC3C009A5A65 /* MediaOrganizerTests.swift in Sources */ = {isa = PBXBuildFile; fileRef = FCFA10C528ACBC3C009A5A65 /* MediaOrganizerTests.swift */; };
		FCFA10D028ACBC3C009A5A65 /* MediaOrganizerUITests.swift in Sources */ = {isa = PBXBuildFile; fileRef = FCFA10CF28ACBC3C009A5A65 /* MediaOrganizerUITests.swift */; };
		FCFA10D228ACBC3C009A5A65 /* MediaOrganizerUITestsLaunchTests.swift in Sources */ = {isa = PBXBuildFile; fileRef = FCFA10D128ACBC3C009A5A65 /* MediaOrganizerUITestsLaunchTests.swift */; };
/* End PBXBuildFile section */

/* Begin PBXContainerItemProxy section */
		FCFA10C228ACBC3C009A5A65 /* PBXContainerItemProxy */ = {
			isa = PBXContainerItemProxy;
			containerPortal = FC9722192890A5D000554912 /* Project object */;
			proxyType = 1;
			remoteGlobalIDString = FCFA10AB28ACBC3B009A5A65;
			remoteInfo = MediaOrganizer;
		};
		FCFA10CC28ACBC3C009A5A65 /* PBXContainerItemProxy */ = {
			isa = PBXContainerItemProxy;
			containerPortal = FC9722192890A5D000554912 /* Project object */;
			proxyType = 1;
			remoteGlobalIDString = FCFA10AB28ACBC3B009A5A65;
			remoteInfo = MediaOrganizer;
		};
/* End PBXContainerItemProxy section */

/* Begin PBXCopyFilesBuildPhase section */
		FC3CAC45289B6C0B00C96BF0 /* CopyFiles */ = {
			isa = PBXCopyFilesBuildPhase;
			buildActionMask = 2147483647;
			dstPath = /usr/share/man/man1/;
			dstSubfolderSpec = 0;
			files = (
			);
			runOnlyForDeploymentPostprocessing = 1;
		};
/* End PBXCopyFilesBuildPhase section */

/* Begin PBXFileReference section */
		FC39B91F29577FCA003F3648 /* MediaThumbView.swift */ = {isa = PBXFileReference; lastKnownFileType = sourcecode.swift; path = MediaThumbView.swift; sourceTree = "<group>"; };
		FC39B9212957830F003F3648 /* MediaItemsViewModel.swift */ = {isa = PBXFileReference; lastKnownFileType = sourcecode.swift; path = MediaItemsViewModel.swift; sourceTree = "<group>"; };
		FC39B923295783C5003F3648 /* SettingsView.swift */ = {isa = PBXFileReference; lastKnownFileType = sourcecode.swift; path = SettingsView.swift; sourceTree = "<group>"; };
		FC39B92C2958F758003F3648 /* GeneralSettingsView.swift */ = {isa = PBXFileReference; lastKnownFileType = sourcecode.swift; path = GeneralSettingsView.swift; sourceTree = "<group>"; };
		FC39B92E2958F828003F3648 /* ServerSettingsView.swift */ = {isa = PBXFileReference; lastKnownFileType = sourcecode.swift; path = ServerSettingsView.swift; sourceTree = "<group>"; };
		FC39B93229591FAC003F3648 /* Info.plist */ = {isa = PBXFileReference; lastKnownFileType = text.plist; path = Info.plist; sourceTree = "<group>"; };
		FC39B933295A244F003F3648 /* MongoClientHolder.swift */ = {isa = PBXFileReference; lastKnownFileType = sourcecode.swift; path = MongoClientHolder.swift; sourceTree = "<group>"; };
		FC3CAC47289B6C0B00C96BF0 /* MediaOrganizerCLI */ = {isa = PBXFileReference; explicitFileType = "compiled.mach-o.executable"; includeInIndex = 0; path = MediaOrganizerCLI; sourceTree = BUILT_PRODUCTS_DIR; };
		FC3CAC49289B6C0B00C96BF0 /* main.c */ = {isa = PBXFileReference; lastKnownFileType = sourcecode.c.c; path = main.c; sourceTree = "<group>"; };
		FC4FC72E289B67FA006E419F /* mongo_tools.h */ = {isa = PBXFileReference; lastKnownFileType = sourcecode.c.h; path = mongo_tools.h; sourceTree = "<group>"; };
		FC4FC72F289B67FA006E419F /* mongo_tools.c */ = {isa = PBXFileReference; lastKnownFileType = sourcecode.c.c; path = mongo_tools.c; sourceTree = "<group>"; };
		FC5DD5B4289EADE400456566 /* image_tools.h */ = {isa = PBXFileReference; lastKnownFileType = sourcecode.c.h; path = image_tools.h; sourceTree = "<group>"; };
		FC5DD5B5289EADE400456566 /* image_tools.c */ = {isa = PBXFileReference; lastKnownFileType = sourcecode.c.c; path = image_tools.c; sourceTree = "<group>"; };
		FC78100C2967CD1400C0D641 /* ThumbViewModel.swift */ = {isa = PBXFileReference; lastKnownFileType = sourcecode.swift; path = ThumbViewModel.swift; sourceTree = "<group>"; };
		FC78100E2967D93E00C0D641 /* GridViewModel.swift */ = {isa = PBXFileReference; lastKnownFileType = sourcecode.swift; path = GridViewModel.swift; sourceTree = "<group>"; };
		FC78DEA1295E5395009F3F27 /* UploadsView.swift */ = {isa = PBXFileReference; lastKnownFileType = sourcecode.swift; path = UploadsView.swift; sourceTree = "<group>"; };
		FC78DEA3295E546B009F3F27 /* UploadsViewModel.swift */ = {isa = PBXFileReference; lastKnownFileType = sourcecode.swift; path = UploadsViewModel.swift; sourceTree = "<group>"; };
		FC78DEA5295F44AF009F3F27 /* MediaThumbAsyncGrid.swift */ = {isa = PBXFileReference; lastKnownFileType = sourcecode.swift; path = MediaThumbAsyncGrid.swift; sourceTree = "<group>"; };
		FC78DEA72964AEA7009F3F27 /* View+onFrameChange.swift */ = {isa = PBXFileReference; lastKnownFileType = sourcecode.swift; path = "View+onFrameChange.swift"; sourceTree = "<group>"; };
		FCC5FC30289B67E200617A0E /* organizer.h */ = {isa = PBXFileReference; lastKnownFileType = sourcecode.c.h; path = organizer.h; sourceTree = "<group>"; };
		FCC5FC31289B67E200617A0E /* organizer.c */ = {isa = PBXFileReference; lastKnownFileType = sourcecode.c.c; path = organizer.c; sourceTree = "<group>"; };
		FCD57DE9295A68700050C6F0 /* MediaItemDetailView.swift */ = {isa = PBXFileReference; lastKnownFileType = sourcecode.swift; path = MediaItemDetailView.swift; sourceTree = "<group>"; };
		FCDC4940295B725B00E2DDFE /* MediaItemDetailWindow.swift */ = {isa = PBXFileReference; lastKnownFileType = sourcecode.swift; path = MediaItemDetailWindow.swift; sourceTree = "<group>"; };
		FCFA10AC28ACBC3B009A5A65 /* MediaOrganizer.app */ = {isa = PBXFileReference; explicitFileType = wrapper.application; includeInIndex = 0; path = MediaOrganizer.app; sourceTree = BUILT_PRODUCTS_DIR; };
		FCFA10AE28ACBC3B009A5A65 /* MediaOrganizerApp.swift */ = {isa = PBXFileReference; lastKnownFileType = sourcecode.swift; path = MediaOrganizerApp.swift; sourceTree = "<group>"; };
		FCFA10B028ACBC3B009A5A65 /* ContentView.swift */ = {isa = PBXFileReference; lastKnownFileType = sourcecode.swift; path = ContentView.swift; sourceTree = "<group>"; };
		FCFA10B228ACBC3B009A5A65 /* Assets.xcassets */ = {isa = PBXFileReference; lastKnownFileType = folder.assetcatalog; path = Assets.xcassets; sourceTree = "<group>"; };
		FCFA10B528ACBC3B009A5A65 /* Preview Assets.xcassets */ = {isa = PBXFileReference; lastKnownFileType = folder.assetcatalog; path = "Preview Assets.xcassets"; sourceTree = "<group>"; };
		FCFA10B728ACBC3B009A5A65 /* Persistence.swift */ = {isa = PBXFileReference; lastKnownFileType = sourcecode.swift; path = Persistence.swift; sourceTree = "<group>"; };
		FCFA10BA28ACBC3B009A5A65 /* MediaOrganizer.xcdatamodel */ = {isa = PBXFileReference; lastKnownFileType = wrapper.xcdatamodel; path = MediaOrganizer.xcdatamodel; sourceTree = "<group>"; };
		FCFA10BC28ACBC3B009A5A65 /* MediaOrganizer.entitlements */ = {isa = PBXFileReference; lastKnownFileType = text.plist.entitlements; path = MediaOrganizer.entitlements; sourceTree = "<group>"; };
		FCFA10C128ACBC3C009A5A65 /* MediaOrganizerTests.xctest */ = {isa = PBXFileReference; explicitFileType = wrapper.cfbundle; includeInIndex = 0; path = MediaOrganizerTests.xctest; sourceTree = BUILT_PRODUCTS_DIR; };
		FCFA10C528ACBC3C009A5A65 /* MediaOrganizerTests.swift */ = {isa = PBXFileReference; lastKnownFileType = sourcecode.swift; path = MediaOrganizerTests.swift; sourceTree = "<group>"; };
		FCFA10CB28ACBC3C009A5A65 /* MediaOrganizerUITests.xctest */ = {isa = PBXFileReference; explicitFileType = wrapper.cfbundle; includeInIndex = 0; path = MediaOrganizerUITests.xctest; sourceTree = BUILT_PRODUCTS_DIR; };
		FCFA10CF28ACBC3C009A5A65 /* MediaOrganizerUITests.swift */ = {isa = PBXFileReference; lastKnownFileType = sourcecode.swift; path = MediaOrganizerUITests.swift; sourceTree = "<group>"; };
		FCFA10D128ACBC3C009A5A65 /* MediaOrganizerUITestsLaunchTests.swift */ = {isa = PBXFileReference; lastKnownFileType = sourcecode.swift; path = MediaOrganizerUITestsLaunchTests.swift; sourceTree = "<group>"; };
/* End PBXFileReference section */

/* Begin PBXFrameworksBuildPhase section */
		FC3CAC44289B6C0B00C96BF0 /* Frameworks */ = {
			isa = PBXFrameworksBuildPhase;
			buildActionMask = 2147483647;
			files = (
			);
			runOnlyForDeploymentPostprocessing = 0;
		};
		FCFA10A928ACBC3B009A5A65 /* Frameworks */ = {
			isa = PBXFrameworksBuildPhase;
			buildActionMask = 2147483647;
			files = (
				FC39B91E29577D87003F3648 /* MongoSwift in Frameworks */,
			);
			runOnlyForDeploymentPostprocessing = 0;
		};
		FCFA10BE28ACBC3C009A5A65 /* Frameworks */ = {
			isa = PBXFrameworksBuildPhase;
			buildActionMask = 2147483647;
			files = (
			);
			runOnlyForDeploymentPostprocessing = 0;
		};
		FCFA10C828ACBC3C009A5A65 /* Frameworks */ = {
			isa = PBXFrameworksBuildPhase;
			buildActionMask = 2147483647;
			files = (
			);
			runOnlyForDeploymentPostprocessing = 0;
		};
/* End PBXFrameworksBuildPhase section */

/* Begin PBXGroup section */
		FC39B92B2958F724003F3648 /* Settings */ = {
			isa = PBXGroup;
			children = (
				FC39B923295783C5003F3648 /* SettingsView.swift */,
				FC39B92C2958F758003F3648 /* GeneralSettingsView.swift */,
				FC39B92E2958F828003F3648 /* ServerSettingsView.swift */,
			);
			path = Settings;
			sourceTree = "<group>";
		};
		FC3CAC48289B6C0B00C96BF0 /* MediaOrganizerCLI */ = {
			isa = PBXGroup;
			children = (
				FC5DD5B3289EADC200456566 /* image_processing */,
				FC4FC72D289B67FA006E419F /* mongo_connector */,
				FCC5FC30289B67E200617A0E /* organizer.h */,
				FCC5FC31289B67E200617A0E /* organizer.c */,
				FC3CAC49289B6C0B00C96BF0 /* main.c */,
			);
			path = MediaOrganizerCLI;
			sourceTree = "<group>";
		};
		FC4FC72D289B67FA006E419F /* mongo_connector */ = {
			isa = PBXGroup;
			children = (
				FC4FC72E289B67FA006E419F /* mongo_tools.h */,
				FC4FC72F289B67FA006E419F /* mongo_tools.c */,
			);
			path = mongo_connector;
			sourceTree = "<group>";
		};
		FC5DD5B3289EADC200456566 /* image_processing */ = {
			isa = PBXGroup;
			children = (
				FC5DD5B4289EADE400456566 /* image_tools.h */,
				FC5DD5B5289EADE400456566 /* image_tools.c */,
			);
			path = image_processing;
			sourceTree = "<group>";
		};
		FC9722182890A5D000554912 = {
			isa = PBXGroup;
			children = (
				FC3CAC48289B6C0B00C96BF0 /* MediaOrganizerCLI */,
				FCFA10AD28ACBC3B009A5A65 /* MediaOrganizer */,
				FCFA10C428ACBC3C009A5A65 /* MediaOrganizerTests */,
				FCFA10CE28ACBC3C009A5A65 /* MediaOrganizerUITests */,
				FC9722222890A5D000554912 /* Products */,
			);
			sourceTree = "<group>";
		};
		FC9722222890A5D000554912 /* Products */ = {
			isa = PBXGroup;
			children = (
				FC3CAC47289B6C0B00C96BF0 /* MediaOrganizerCLI */,
				FCFA10AC28ACBC3B009A5A65 /* MediaOrganizer.app */,
				FCFA10C128ACBC3C009A5A65 /* MediaOrganizerTests.xctest */,
				FCFA10CB28ACBC3C009A5A65 /* MediaOrganizerUITests.xctest */,
			);
			name = Products;
			sourceTree = "<group>";
		};
		FCFA10AD28ACBC3B009A5A65 /* MediaOrganizer */ = {
			isa = PBXGroup;
			children = (
				FC39B93229591FAC003F3648 /* Info.plist */,
				FC39B92B2958F724003F3648 /* Settings */,
				FCFA10AE28ACBC3B009A5A65 /* MediaOrganizerApp.swift */,
				FCFA10B028ACBC3B009A5A65 /* ContentView.swift */,
				FCFA10B228ACBC3B009A5A65 /* Assets.xcassets */,
				FCFA10B728ACBC3B009A5A65 /* Persistence.swift */,
				FCFA10BC28ACBC3B009A5A65 /* MediaOrganizer.entitlements */,
				FCFA10B928ACBC3B009A5A65 /* MediaOrganizer.xcdatamodeld */,
				FCFA10B428ACBC3B009A5A65 /* Preview Content */,
				FC39B91F29577FCA003F3648 /* MediaThumbView.swift */,
				FC78100C2967CD1400C0D641 /* ThumbViewModel.swift */,
				FC39B9212957830F003F3648 /* MediaItemsViewModel.swift */,
				FC39B933295A244F003F3648 /* MongoClientHolder.swift */,
				FCD57DE9295A68700050C6F0 /* MediaItemDetailView.swift */,
				FCDC4940295B725B00E2DDFE /* MediaItemDetailWindow.swift */,
				FC78DEA1295E5395009F3F27 /* UploadsView.swift */,
				FC78DEA3295E546B009F3F27 /* UploadsViewModel.swift */,
				FC78DEA5295F44AF009F3F27 /* MediaThumbAsyncGrid.swift */,
				FC78100E2967D93E00C0D641 /* GridViewModel.swift */,
				FC78DEA72964AEA7009F3F27 /* View+onFrameChange.swift */,
			);
			path = MediaOrganizer;
			sourceTree = "<group>";
		};
		FCFA10B428ACBC3B009A5A65 /* Preview Content */ = {
			isa = PBXGroup;
			children = (
				FCFA10B528ACBC3B009A5A65 /* Preview Assets.xcassets */,
			);
			path = "Preview Content";
			sourceTree = "<group>";
		};
		FCFA10C428ACBC3C009A5A65 /* MediaOrganizerTests */ = {
			isa = PBXGroup;
			children = (
				FCFA10C528ACBC3C009A5A65 /* MediaOrganizerTests.swift */,
			);
			path = MediaOrganizerTests;
			sourceTree = "<group>";
		};
		FCFA10CE28ACBC3C009A5A65 /* MediaOrganizerUITests */ = {
			isa = PBXGroup;
			children = (
				FCFA10CF28ACBC3C009A5A65 /* MediaOrganizerUITests.swift */,
				FCFA10D128ACBC3C009A5A65 /* MediaOrganizerUITestsLaunchTests.swift */,
			);
			path = MediaOrganizerUITests;
			sourceTree = "<group>";
		};
/* End PBXGroup section */

/* Begin PBXNativeTarget section */
		FC3CAC46289B6C0B00C96BF0 /* MediaOrganizerCLI */ = {
			isa = PBXNativeTarget;
			buildConfigurationList = FC3CAC4B289B6C0B00C96BF0 /* Build configuration list for PBXNativeTarget "MediaOrganizerCLI" */;
			buildPhases = (
				FC3CAC43289B6C0B00C96BF0 /* Sources */,
				FC3CAC44289B6C0B00C96BF0 /* Frameworks */,
				FC3CAC45289B6C0B00C96BF0 /* CopyFiles */,
			);
			buildRules = (
			);
			dependencies = (
			);
			name = MediaOrganizerCLI;
			productName = MediaOrganizerCLI;
			productReference = FC3CAC47289B6C0B00C96BF0 /* MediaOrganizerCLI */;
			productType = "com.apple.product-type.tool";
		};
		FCFA10AB28ACBC3B009A5A65 /* MediaOrganizer */ = {
			isa = PBXNativeTarget;
			buildConfigurationList = FCFA10D328ACBC3C009A5A65 /* Build configuration list for PBXNativeTarget "MediaOrganizer" */;
			buildPhases = (
				FCFA10A828ACBC3B009A5A65 /* Sources */,
				FCFA10A928ACBC3B009A5A65 /* Frameworks */,
				FCFA10AA28ACBC3B009A5A65 /* Resources */,
			);
			buildRules = (
			);
			dependencies = (
			);
			name = MediaOrganizer;
			packageProductDependencies = (
				FC39B91D29577D87003F3648 /* MongoSwift */,
			);
			productName = MediaOrganizer;
			productReference = FCFA10AC28ACBC3B009A5A65 /* MediaOrganizer.app */;
			productType = "com.apple.product-type.application";
		};
		FCFA10C028ACBC3C009A5A65 /* MediaOrganizerTests */ = {
			isa = PBXNativeTarget;
			buildConfigurationList = FCFA10D628ACBC3C009A5A65 /* Build configuration list for PBXNativeTarget "MediaOrganizerTests" */;
			buildPhases = (
				FCFA10BD28ACBC3C009A5A65 /* Sources */,
				FCFA10BE28ACBC3C009A5A65 /* Frameworks */,
				FCFA10BF28ACBC3C009A5A65 /* Resources */,
			);
			buildRules = (
			);
			dependencies = (
				FCFA10C328ACBC3C009A5A65 /* PBXTargetDependency */,
			);
			name = MediaOrganizerTests;
			productName = MediaOrganizerTests;
			productReference = FCFA10C128ACBC3C009A5A65 /* MediaOrganizerTests.xctest */;
			productType = "com.apple.product-type.bundle.unit-test";
		};
		FCFA10CA28ACBC3C009A5A65 /* MediaOrganizerUITests */ = {
			isa = PBXNativeTarget;
			buildConfigurationList = FCFA10D928ACBC3C009A5A65 /* Build configuration list for PBXNativeTarget "MediaOrganizerUITests" */;
			buildPhases = (
				FCFA10C728ACBC3C009A5A65 /* Sources */,
				FCFA10C828ACBC3C009A5A65 /* Frameworks */,
				FCFA10C928ACBC3C009A5A65 /* Resources */,
			);
			buildRules = (
			);
			dependencies = (
				FCFA10CD28ACBC3C009A5A65 /* PBXTargetDependency */,
			);
			name = MediaOrganizerUITests;
			productName = MediaOrganizerUITests;
			productReference = FCFA10CB28ACBC3C009A5A65 /* MediaOrganizerUITests.xctest */;
			productType = "com.apple.product-type.bundle.ui-testing";
		};
/* End PBXNativeTarget section */

/* Begin PBXProject section */
		FC9722192890A5D000554912 /* Project object */ = {
			isa = PBXProject;
			attributes = {
				BuildIndependentTargetsInParallel = 1;
				LastSwiftUpdateCheck = 1340;
				LastUpgradeCheck = 1320;
				TargetAttributes = {
					FC3CAC46289B6C0B00C96BF0 = {
						CreatedOnToolsVersion = 13.2.1;
					};
					FCFA10AB28ACBC3B009A5A65 = {
						CreatedOnToolsVersion = 13.4.1;
						LastSwiftMigration = 1410;
					};
					FCFA10C028ACBC3C009A5A65 = {
						CreatedOnToolsVersion = 13.4.1;
						TestTargetID = FCFA10AB28ACBC3B009A5A65;
					};
					FCFA10CA28ACBC3C009A5A65 = {
						CreatedOnToolsVersion = 13.4.1;
						TestTargetID = FCFA10AB28ACBC3B009A5A65;
					};
				};
			};
			buildConfigurationList = FC97221C2890A5D000554912 /* Build configuration list for PBXProject "MediaOrganizer" */;
			compatibilityVersion = "Xcode 13.0";
			developmentRegion = en;
			hasScannedForEncodings = 0;
			knownRegions = (
				en,
				Base,
			);
			mainGroup = FC9722182890A5D000554912;
			packageReferences = (
				FC39B91C29577D87003F3648 /* XCRemoteSwiftPackageReference "mongo-swift-driver" */,
			);
			productRefGroup = FC9722222890A5D000554912 /* Products */;
			projectDirPath = "";
			projectRoot = "";
			targets = (
				FC3CAC46289B6C0B00C96BF0 /* MediaOrganizerCLI */,
				FCFA10AB28ACBC3B009A5A65 /* MediaOrganizer */,
				FCFA10C028ACBC3C009A5A65 /* MediaOrganizerTests */,
				FCFA10CA28ACBC3C009A5A65 /* MediaOrganizerUITests */,
			);
		};
/* End PBXProject section */

/* Begin PBXResourcesBuildPhase section */
		FCFA10AA28ACBC3B009A5A65 /* Resources */ = {
			isa = PBXResourcesBuildPhase;
			buildActionMask = 2147483647;
			files = (
				FCFA10B628ACBC3B009A5A65 /* Preview Assets.xcassets in Resources */,
				FCFA10B328ACBC3B009A5A65 /* Assets.xcassets in Resources */,
			);
			runOnlyForDeploymentPostprocessing = 0;
		};
		FCFA10BF28ACBC3C009A5A65 /* Resources */ = {
			isa = PBXResourcesBuildPhase;
			buildActionMask = 2147483647;
			files = (
			);
			runOnlyForDeploymentPostprocessing = 0;
		};
		FCFA10C928ACBC3C009A5A65 /* Resources */ = {
			isa = PBXResourcesBuildPhase;
			buildActionMask = 2147483647;
			files = (
			);
			runOnlyForDeploymentPostprocessing = 0;
		};
/* End PBXResourcesBuildPhase section */

/* Begin PBXSourcesBuildPhase section */
		FC3CAC43289B6C0B00C96BF0 /* Sources */ = {
			isa = PBXSourcesBuildPhase;
			buildActionMask = 2147483647;
			files = (
				FC3CAC4A289B6C0B00C96BF0 /* main.c in Sources */,
				FC5DD5B6289EADE400456566 /* image_tools.c in Sources */,
				FC3CAC50289B71E500C96BF0 /* mongo_tools.c in Sources */,
				FC3CAC4F289B6C1D00C96BF0 /* organizer.c in Sources */,
			);
			runOnlyForDeploymentPostprocessing = 0;
		};
		FCFA10A828ACBC3B009A5A65 /* Sources */ = {
			isa = PBXSourcesBuildPhase;
			buildActionMask = 2147483647;
			files = (
				FC78DEA4295E546B009F3F27 /* UploadsViewModel.swift in Sources */,
				FCFA10BB28ACBC3B009A5A65 /* MediaOrganizer.xcdatamodeld in Sources */,
				FC39B924295783C5003F3648 /* SettingsView.swift in Sources */,
				FCDC4941295B725B00E2DDFE /* MediaItemDetailWindow.swift in Sources */,
				FC39B92F2958F828003F3648 /* ServerSettingsView.swift in Sources */,
				FC78DEA82964AEA7009F3F27 /* View+onFrameChange.swift in Sources */,
				FC39B92D2958F758003F3648 /* GeneralSettingsView.swift in Sources */,
				FC78100D2967CD1400C0D641 /* ThumbViewModel.swift in Sources */,
				FCFA10B828ACBC3B009A5A65 /* Persistence.swift in Sources */,
				FCD57DEA295A68700050C6F0 /* MediaItemDetailView.swift in Sources */,
				FC78DEA6295F44AF009F3F27 /* MediaThumbAsyncGrid.swift in Sources */,
				FC39B92029577FCA003F3648 /* MediaThumbView.swift in Sources */,
				FC39B9222957830F003F3648 /* MediaItemsViewModel.swift in Sources */,
				FCFA10B128ACBC3B009A5A65 /* ContentView.swift in Sources */,
				FC39B934295A244F003F3648 /* MongoClientHolder.swift in Sources */,
				FCFA10AF28ACBC3B009A5A65 /* MediaOrganizerApp.swift in Sources */,
				FC78DEA2295E5395009F3F27 /* UploadsView.swift in Sources */,
				FC78100F2967D93E00C0D641 /* GridViewModel.swift in Sources */,
			);
			runOnlyForDeploymentPostprocessing = 0;
		};
		FCFA10BD28ACBC3C009A5A65 /* Sources */ = {
			isa = PBXSourcesBuildPhase;
			buildActionMask = 2147483647;
			files = (
				FCFA10C628ACBC3C009A5A65 /* MediaOrganizerTests.swift in Sources */,
			);
			runOnlyForDeploymentPostprocessing = 0;
		};
		FCFA10C728ACBC3C009A5A65 /* Sources */ = {
			isa = PBXSourcesBuildPhase;
			buildActionMask = 2147483647;
			files = (
				FCFA10D028ACBC3C009A5A65 /* MediaOrganizerUITests.swift in Sources */,
				FCFA10D228ACBC3C009A5A65 /* MediaOrganizerUITestsLaunchTests.swift in Sources */,
			);
			runOnlyForDeploymentPostprocessing = 0;
		};
/* End PBXSourcesBuildPhase section */

/* Begin PBXTargetDependency section */
		FCFA10C328ACBC3C009A5A65 /* PBXTargetDependency */ = {
			isa = PBXTargetDependency;
			target = FCFA10AB28ACBC3B009A5A65 /* MediaOrganizer */;
			targetProxy = FCFA10C228ACBC3C009A5A65 /* PBXContainerItemProxy */;
		};
		FCFA10CD28ACBC3C009A5A65 /* PBXTargetDependency */ = {
			isa = PBXTargetDependency;
			target = FCFA10AB28ACBC3B009A5A65 /* MediaOrganizer */;
			targetProxy = FCFA10CC28ACBC3C009A5A65 /* PBXContainerItemProxy */;
		};
/* End PBXTargetDependency section */

/* Begin XCBuildConfiguration section */
		FC3CAC4C289B6C0B00C96BF0 /* Debug */ = {
			isa = XCBuildConfiguration;
			buildSettings = {
				ALWAYS_SEARCH_USER_PATHS = NO;
				CODE_SIGN_STYLE = Automatic;
				GCC_C_LANGUAGE_STANDARD = "compiler-default";
				HEADER_SEARCH_PATHS = (
					"/opt/homebrew/Cellar/jpeg/9e/include/**",
					"/opt/homebrew/Cellar/libraw/0.21.0/include/**",
					"/opt/homebrew/Cellar/mongo-c-driver/1.23.1/include/**",
					"/opt/homebrew/Cellar/libexif/0.6.24/include/**",
				);
				LIBRARY_SEARCH_PATHS = (
					"/opt/homebrew/Cellar/jpeg/9e/lib/**",
					"/opt/homebrew/Cellar/mongo-c-driver/1.23.1/lib/**",
					"/opt/homebrew/Cellar/libraw/0.21.0/lib/**",
					"/opt/homebrew/Cellar/libexif/0.6.24/lib/**",
				);
				OTHER_CFLAGS = "";
				OTHER_LDFLAGS = (
					"-lmongoc-1.0",
					"-lbson-1.0",
					"-lraw",
					"-ljpeg",
				);
				PRODUCT_NAME = "$(TARGET_NAME)";
				SDKROOT = macosx;
			};
			name = Debug;
		};
		FC3CAC4D289B6C0B00C96BF0 /* Release */ = {
			isa = XCBuildConfiguration;
			buildSettings = {
				ALWAYS_SEARCH_USER_PATHS = NO;
				CODE_SIGN_STYLE = Automatic;
				GCC_C_LANGUAGE_STANDARD = "compiler-default";
				HEADER_SEARCH_PATHS = (
					"/opt/homebrew/Cellar/jpeg/9e/include/**",
					"/opt/homebrew/Cellar/libraw/0.21.0/include/**",
					"/opt/homebrew/Cellar/mongo-c-driver/1.23.1/include/**",
					"/opt/homebrew/Cellar/libexif/0.6.24/include/**",
				);
				LIBRARY_SEARCH_PATHS = (
					"/opt/homebrew/Cellar/jpeg/9e/lib/**",
					"/opt/homebrew/Cellar/mongo-c-driver/1.23.1/lib/**",
					"/opt/homebrew/Cellar/libraw/0.21.0/lib/**",
					"/opt/homebrew/Cellar/libexif/0.6.24/lib/**",
				);
				OTHER_CFLAGS = "";
				OTHER_LDFLAGS = (
					"-lmongoc-1.0",
					"-lbson-1.0",
					"-lraw",
					"-ljpeg",
				);
				PRODUCT_NAME = "$(TARGET_NAME)";
				SDKROOT = macosx;
			};
			name = Release;
		};
		FC97222E2890A5D100554912 /* Debug */ = {
			isa = XCBuildConfiguration;
			buildSettings = {
				ALWAYS_SEARCH_USER_PATHS = NO;
				CLANG_ANALYZER_NONNULL = YES;
				CLANG_ANALYZER_NUMBER_OBJECT_CONVERSION = YES_AGGRESSIVE;
				CLANG_CXX_LANGUAGE_STANDARD = "compiler-default";
				CLANG_CXX_LIBRARY = "libc++";
				CLANG_ENABLE_MODULES = YES;
				CLANG_ENABLE_OBJC_ARC = YES;
				CLANG_ENABLE_OBJC_WEAK = YES;
				CLANG_WARN_BLOCK_CAPTURE_AUTORELEASING = YES;
				CLANG_WARN_BOOL_CONVERSION = YES;
				CLANG_WARN_COMMA = YES;
				CLANG_WARN_CONSTANT_CONVERSION = YES;
				CLANG_WARN_DEPRECATED_OBJC_IMPLEMENTATIONS = YES;
				CLANG_WARN_DIRECT_OBJC_ISA_USAGE = YES_ERROR;
				CLANG_WARN_DOCUMENTATION_COMMENTS = YES;
				CLANG_WARN_EMPTY_BODY = YES;
				CLANG_WARN_ENUM_CONVERSION = YES;
				CLANG_WARN_INFINITE_RECURSION = YES;
				CLANG_WARN_INT_CONVERSION = YES;
				CLANG_WARN_NON_LITERAL_NULL_CONVERSION = YES;
				CLANG_WARN_OBJC_IMPLICIT_RETAIN_SELF = YES;
				CLANG_WARN_OBJC_LITERAL_CONVERSION = YES;
				CLANG_WARN_OBJC_ROOT_CLASS = YES_ERROR;
				CLANG_WARN_QUOTED_INCLUDE_IN_FRAMEWORK_HEADER = YES;
				CLANG_WARN_RANGE_LOOP_ANALYSIS = YES;
				CLANG_WARN_STRICT_PROTOTYPES = YES;
				CLANG_WARN_SUSPICIOUS_MOVE = YES;
				CLANG_WARN_UNGUARDED_AVAILABILITY = YES_AGGRESSIVE;
				CLANG_WARN_UNREACHABLE_CODE = YES;
				CLANG_WARN__DUPLICATE_METHOD_MATCH = YES;
				COPY_PHASE_STRIP = NO;
				DEBUG_INFORMATION_FORMAT = dwarf;
				ENABLE_STRICT_OBJC_MSGSEND = YES;
				ENABLE_TESTABILITY = YES;
				GCC_C_LANGUAGE_STANDARD = "compiler-default";
				GCC_DYNAMIC_NO_PIC = NO;
				GCC_NO_COMMON_BLOCKS = YES;
				GCC_OPTIMIZATION_LEVEL = 0;
				GCC_PREPROCESSOR_DEFINITIONS = (
					"DEBUG=1",
					"$(inherited)",
				);
				GCC_WARN_64_TO_32_BIT_CONVERSION = YES;
				GCC_WARN_ABOUT_RETURN_TYPE = YES_ERROR;
				GCC_WARN_UNDECLARED_SELECTOR = YES;
				GCC_WARN_UNINITIALIZED_AUTOS = YES_AGGRESSIVE;
				GCC_WARN_UNUSED_FUNCTION = YES;
				GCC_WARN_UNUSED_VARIABLE = YES;
				LIBRARY_SEARCH_PATHS = "";
				MACOSX_DEPLOYMENT_TARGET = 12.1;
				MTL_ENABLE_DEBUG_INFO = INCLUDE_SOURCE;
				MTL_FAST_MATH = YES;
				ONLY_ACTIVE_ARCH = YES;
				SDKROOT = macosx;
				SWIFT_ACTIVE_COMPILATION_CONDITIONS = DEBUG;
				SWIFT_OPTIMIZATION_LEVEL = "-Onone";
			};
			name = Debug;
		};
		FC97222F2890A5D100554912 /* Release */ = {
			isa = XCBuildConfiguration;
			buildSettings = {
				ALWAYS_SEARCH_USER_PATHS = NO;
				CLANG_ANALYZER_NONNULL = YES;
				CLANG_ANALYZER_NUMBER_OBJECT_CONVERSION = YES_AGGRESSIVE;
				CLANG_CXX_LANGUAGE_STANDARD = "compiler-default";
				CLANG_CXX_LIBRARY = "libc++";
				CLANG_ENABLE_MODULES = YES;
				CLANG_ENABLE_OBJC_ARC = YES;
				CLANG_ENABLE_OBJC_WEAK = YES;
				CLANG_WARN_BLOCK_CAPTURE_AUTORELEASING = YES;
				CLANG_WARN_BOOL_CONVERSION = YES;
				CLANG_WARN_COMMA = YES;
				CLANG_WARN_CONSTANT_CONVERSION = YES;
				CLANG_WARN_DEPRECATED_OBJC_IMPLEMENTATIONS = YES;
				CLANG_WARN_DIRECT_OBJC_ISA_USAGE = YES_ERROR;
				CLANG_WARN_DOCUMENTATION_COMMENTS = YES;
				CLANG_WARN_EMPTY_BODY = YES;
				CLANG_WARN_ENUM_CONVERSION = YES;
				CLANG_WARN_INFINITE_RECURSION = YES;
				CLANG_WARN_INT_CONVERSION = YES;
				CLANG_WARN_NON_LITERAL_NULL_CONVERSION = YES;
				CLANG_WARN_OBJC_IMPLICIT_RETAIN_SELF = YES;
				CLANG_WARN_OBJC_LITERAL_CONVERSION = YES;
				CLANG_WARN_OBJC_ROOT_CLASS = YES_ERROR;
				CLANG_WARN_QUOTED_INCLUDE_IN_FRAMEWORK_HEADER = YES;
				CLANG_WARN_RANGE_LOOP_ANALYSIS = YES;
				CLANG_WARN_STRICT_PROTOTYPES = YES;
				CLANG_WARN_SUSPICIOUS_MOVE = YES;
				CLANG_WARN_UNGUARDED_AVAILABILITY = YES_AGGRESSIVE;
				CLANG_WARN_UNREACHABLE_CODE = YES;
				CLANG_WARN__DUPLICATE_METHOD_MATCH = YES;
				COPY_PHASE_STRIP = NO;
				DEBUG_INFORMATION_FORMAT = "dwarf-with-dsym";
				ENABLE_NS_ASSERTIONS = NO;
				ENABLE_STRICT_OBJC_MSGSEND = YES;
				GCC_C_LANGUAGE_STANDARD = "compiler-default";
				GCC_NO_COMMON_BLOCKS = YES;
				GCC_WARN_64_TO_32_BIT_CONVERSION = YES;
				GCC_WARN_ABOUT_RETURN_TYPE = YES_ERROR;
				GCC_WARN_UNDECLARED_SELECTOR = YES;
				GCC_WARN_UNINITIALIZED_AUTOS = YES_AGGRESSIVE;
				GCC_WARN_UNUSED_FUNCTION = YES;
				GCC_WARN_UNUSED_VARIABLE = YES;
				LIBRARY_SEARCH_PATHS = "";
				MACOSX_DEPLOYMENT_TARGET = 12.1;
				MTL_ENABLE_DEBUG_INFO = NO;
				MTL_FAST_MATH = YES;
				SDKROOT = macosx;
				SWIFT_COMPILATION_MODE = wholemodule;
				SWIFT_OPTIMIZATION_LEVEL = "-O";
			};
			name = Release;
		};
		FCFA10D428ACBC3C009A5A65 /* Debug */ = {
			isa = XCBuildConfiguration;
			buildSettings = {
				ASSETCATALOG_COMPILER_APPICON_NAME = AppIcon;
				ASSETCATALOG_COMPILER_GLOBAL_ACCENT_COLOR_NAME = AccentColor;
				CLANG_ENABLE_MODULES = YES;
				CODE_SIGN_ENTITLEMENTS = MediaOrganizer/MediaOrganizer.entitlements;
				CODE_SIGN_STYLE = Automatic;
				COMBINE_HIDPI_IMAGES = YES;
				CURRENT_PROJECT_VERSION = 1;
				DEVELOPMENT_ASSET_PATHS = "\"MediaOrganizer/Preview Content\"";
				ENABLE_PREVIEWS = YES;
				GCC_OPTIMIZATION_LEVEL = 0;
				GENERATE_INFOPLIST_FILE = YES;
				INFOPLIST_FILE = MediaOrganizer/Info.plist;
				INFOPLIST_KEY_NSHumanReadableCopyright = "";
				IPHONEOS_DEPLOYMENT_TARGET = 13.0;
				LD_RUNPATH_SEARCH_PATHS = (
					"$(inherited)",
					"@executable_path/../Frameworks",
				);
				MACOSX_DEPLOYMENT_TARGET = 11.0;
				MARKETING_VERSION = 1.0;
				PRODUCT_BUNDLE_IDENTIFIER = com.jbridge.MediaOrganizer;
				PRODUCT_NAME = "$(TARGET_NAME)";
				SUPPORTED_PLATFORMS = macosx;
				SUPPORTS_MACCATALYST = NO;
				SUPPORTS_MAC_DESIGNED_FOR_IPHONE_IPAD = NO;
				SWIFT_EMIT_LOC_STRINGS = YES;
				SWIFT_INSTALL_OBJC_HEADER = NO;
				SWIFT_OPTIMIZATION_LEVEL = "-Onone";
				SWIFT_PRECOMPILE_BRIDGING_HEADER = NO;
				SWIFT_VERSION = 5.0;
			};
			name = Debug;
		};
		FCFA10D528ACBC3C009A5A65 /* Release */ = {
			isa = XCBuildConfiguration;
			buildSettings = {
				ASSETCATALOG_COMPILER_APPICON_NAME = AppIcon;
				ASSETCATALOG_COMPILER_GLOBAL_ACCENT_COLOR_NAME = AccentColor;
				CLANG_ENABLE_MODULES = YES;
				CODE_SIGN_ENTITLEMENTS = MediaOrganizer/MediaOrganizer.entitlements;
				CODE_SIGN_STYLE = Automatic;
				COMBINE_HIDPI_IMAGES = YES;
				CURRENT_PROJECT_VERSION = 1;
				DEVELOPMENT_ASSET_PATHS = "\"MediaOrganizer/Preview Content\"";
				ENABLE_PREVIEWS = YES;
				GENERATE_INFOPLIST_FILE = YES;
				INFOPLIST_FILE = MediaOrganizer/Info.plist;
				INFOPLIST_KEY_NSHumanReadableCopyright = "";
				IPHONEOS_DEPLOYMENT_TARGET = 13.0;
				LD_RUNPATH_SEARCH_PATHS = (
					"$(inherited)",
					"@executable_path/../Frameworks",
				);
				MACOSX_DEPLOYMENT_TARGET = 11.0;
				MARKETING_VERSION = 1.0;
				PRODUCT_BUNDLE_IDENTIFIER = com.jbridge.MediaOrganizer;
				PRODUCT_NAME = "$(TARGET_NAME)";
				SUPPORTED_PLATFORMS = macosx;
				SUPPORTS_MACCATALYST = NO;
				SUPPORTS_MAC_DESIGNED_FOR_IPHONE_IPAD = NO;
				SWIFT_EMIT_LOC_STRINGS = YES;
				SWIFT_INSTALL_OBJC_HEADER = NO;
				SWIFT_OPTIMIZATION_LEVEL = "-Onone";
				SWIFT_PRECOMPILE_BRIDGING_HEADER = NO;
				SWIFT_VERSION = 5.0;
			};
			name = Release;
		};
		FCFA10D728ACBC3C009A5A65 /* Debug */ = {
			isa = XCBuildConfiguration;
			buildSettings = {
				ALWAYS_EMBED_SWIFT_STANDARD_LIBRARIES = YES;
				BUNDLE_LOADER = "$(TEST_HOST)";
				CODE_SIGN_STYLE = Automatic;
				CURRENT_PROJECT_VERSION = 1;
				GENERATE_INFOPLIST_FILE = YES;
				MACOSX_DEPLOYMENT_TARGET = 12.3;
				MARKETING_VERSION = 1.0;
				PRODUCT_BUNDLE_IDENTIFIER = com.jbridge.MediaOrganizerTests;
				PRODUCT_NAME = "$(TARGET_NAME)";
				SWIFT_EMIT_LOC_STRINGS = NO;
				SWIFT_VERSION = 5.0;
				TEST_HOST = "$(BUILT_PRODUCTS_DIR)/MediaOrganizer.app/Contents/MacOS/MediaOrganizer";
			};
			name = Debug;
		};
		FCFA10D828ACBC3C009A5A65 /* Release */ = {
			isa = XCBuildConfiguration;
			buildSettings = {
				ALWAYS_EMBED_SWIFT_STANDARD_LIBRARIES = YES;
				BUNDLE_LOADER = "$(TEST_HOST)";
				CODE_SIGN_STYLE = Automatic;
				CURRENT_PROJECT_VERSION = 1;
				GENERATE_INFOPLIST_FILE = YES;
				MACOSX_DEPLOYMENT_TARGET = 12.3;
				MARKETING_VERSION = 1.0;
				PRODUCT_BUNDLE_IDENTIFIER = com.jbridge.MediaOrganizerTests;
				PRODUCT_NAME = "$(TARGET_NAME)";
				SWIFT_EMIT_LOC_STRINGS = NO;
				SWIFT_VERSION = 5.0;
				TEST_HOST = "$(BUILT_PRODUCTS_DIR)/MediaOrganizer.app/Contents/MacOS/MediaOrganizer";
			};
			name = Release;
		};
		FCFA10DA28ACBC3C009A5A65 /* Debug */ = {
			isa = XCBuildConfiguration;
			buildSettings = {
				ALWAYS_EMBED_SWIFT_STANDARD_LIBRARIES = YES;
				CODE_SIGN_STYLE = Automatic;
				CURRENT_PROJECT_VERSION = 1;
				GENERATE_INFOPLIST_FILE = YES;
				MACOSX_DEPLOYMENT_TARGET = 12.3;
				MARKETING_VERSION = 1.0;
				PRODUCT_BUNDLE_IDENTIFIER = com.jbridge.MediaOrganizerUITests;
				PRODUCT_NAME = "$(TARGET_NAME)";
				SWIFT_EMIT_LOC_STRINGS = NO;
				SWIFT_VERSION = 5.0;
				TEST_TARGET_NAME = MediaOrganizer;
			};
			name = Debug;
		};
		FCFA10DB28ACBC3C009A5A65 /* Release */ = {
			isa = XCBuildConfiguration;
			buildSettings = {
				ALWAYS_EMBED_SWIFT_STANDARD_LIBRARIES = YES;
				CODE_SIGN_STYLE = Automatic;
				CURRENT_PROJECT_VERSION = 1;
				GENERATE_INFOPLIST_FILE = YES;
				MACOSX_DEPLOYMENT_TARGET = 12.3;
				MARKETING_VERSION = 1.0;
				PRODUCT_BUNDLE_IDENTIFIER = com.jbridge.MediaOrganizerUITests;
				PRODUCT_NAME = "$(TARGET_NAME)";
				SWIFT_EMIT_LOC_STRINGS = NO;
				SWIFT_VERSION = 5.0;
				TEST_TARGET_NAME = MediaOrganizer;
			};
			name = Release;
		};
/* End XCBuildConfiguration section */

/* Begin XCConfigurationList section */
		FC3CAC4B289B6C0B00C96BF0 /* Build configuration list for PBXNativeTarget "MediaOrganizerCLI" */ = {
			isa = XCConfigurationList;
			buildConfigurations = (
				FC3CAC4C289B6C0B00C96BF0 /* Debug */,
				FC3CAC4D289B6C0B00C96BF0 /* Release */,
			);
			defaultConfigurationIsVisible = 0;
			defaultConfigurationName = Release;
		};
		FC97221C2890A5D000554912 /* Build configuration list for PBXProject "MediaOrganizer" */ = {
			isa = XCConfigurationList;
			buildConfigurations = (
				FC97222E2890A5D100554912 /* Debug */,
				FC97222F2890A5D100554912 /* Release */,
			);
			defaultConfigurationIsVisible = 0;
			defaultConfigurationName = Release;
		};
		FCFA10D328ACBC3C009A5A65 /* Build configuration list for PBXNativeTarget "MediaOrganizer" */ = {
			isa = XCConfigurationList;
			buildConfigurations = (
				FCFA10D428ACBC3C009A5A65 /* Debug */,
				FCFA10D528ACBC3C009A5A65 /* Release */,
			);
			defaultConfigurationIsVisible = 0;
			defaultConfigurationName = Release;
		};
		FCFA10D628ACBC3C009A5A65 /* Build configuration list for PBXNativeTarget "MediaOrganizerTests" */ = {
			isa = XCConfigurationList;
			buildConfigurations = (
				FCFA10D728ACBC3C009A5A65 /* Debug */,
				FCFA10D828ACBC3C009A5A65 /* Release */,
			);
			defaultConfigurationIsVisible = 0;
			defaultConfigurationName = Release;
		};
		FCFA10D928ACBC3C009A5A65 /* Build configuration list for PBXNativeTarget "MediaOrganizerUITests" */ = {
			isa = XCConfigurationList;
			buildConfigurations = (
				FCFA10DA28ACBC3C009A5A65 /* Debug */,
				FCFA10DB28ACBC3C009A5A65 /* Release */,
			);
			defaultConfigurationIsVisible = 0;
			defaultConfigurationName = Release;
		};
/* End XCConfigurationList section */

/* Begin XCRemoteSwiftPackageReference section */
		FC39B91C29577D87003F3648 /* XCRemoteSwiftPackageReference "mongo-swift-driver" */ = {
			isa = XCRemoteSwiftPackageReference;
			repositoryURL = "https://github.com/mongodb/mongo-swift-driver";
			requirement = {
				branch = main;
				kind = branch;
			};
		};
/* End XCRemoteSwiftPackageReference section */

/* Begin XCSwiftPackageProductDependency section */
		FC39B91D29577D87003F3648 /* MongoSwift */ = {
			isa = XCSwiftPackageProductDependency;
			package = FC39B91C29577D87003F3648 /* XCRemoteSwiftPackageReference "mongo-swift-driver" */;
			productName = MongoSwift;
		};
/* End XCSwiftPackageProductDependency section */

/* Begin XCVersionGroup section */
		FCFA10B928ACBC3B009A5A65 /* MediaOrganizer.xcdatamodeld */ = {
			isa = XCVersionGroup;
			children = (
				FCFA10BA28ACBC3B009A5A65 /* MediaOrganizer.xcdatamodel */,
			);
			currentVersion = FCFA10BA28ACBC3B009A5A65 /* MediaOrganizer.xcdatamodel */;
			path = MediaOrganizer.xcdatamodeld;
			sourceTree = "<group>";
			versionGroupType = wrapper.xcdatamodel;
		};
/* End XCVersionGroup section */
	};
	rootObject = FC9722192890A5D000554912 /* Project object */;
}
