// !$*UTF8*$!
{
	archiveVersion = 1;
	classes = {
	};
	objectVersion = 55;
	objects = {

/* Begin PBXBuildFile section */
		FC3CAC4A289B6C0B00C96BF0 /* main.c in Sources */ = {isa = PBXBuildFile; fileRef = FC3CAC49289B6C0B00C96BF0 /* main.c */; };
		FC3CAC4F289B6C1D00C96BF0 /* organizer.c in Sources */ = {isa = PBXBuildFile; fileRef = FCC5FC31289B67E200617A0E /* organizer.c */; };
		FC3CAC50289B71E500C96BF0 /* mongo_tools.c in Sources */ = {isa = PBXBuildFile; fileRef = FC4FC72F289B67FA006E419F /* mongo_tools.c */; };
		FC5DD5B6289EADE400456566 /* image_tools.c in Sources */ = {isa = PBXBuildFile; fileRef = FC5DD5B5289EADE400456566 /* image_tools.c */; };
		FC9722252890A5D000554912 /* AppDelegate.swift in Sources */ = {isa = PBXBuildFile; fileRef = FC9722242890A5D000554912 /* AppDelegate.swift */; };
		FC9722272890A5D000554912 /* ViewController.swift in Sources */ = {isa = PBXBuildFile; fileRef = FC9722262890A5D000554912 /* ViewController.swift */; };
		FC9722292890A5D100554912 /* Assets.xcassets in Resources */ = {isa = PBXBuildFile; fileRef = FC9722282890A5D100554912 /* Assets.xcassets */; };
		FC97222C2890A5D100554912 /* Main.storyboard in Resources */ = {isa = PBXBuildFile; fileRef = FC97222A2890A5D100554912 /* Main.storyboard */; };
/* End PBXBuildFile section */

/* Begin PBXCopyFilesBuildPhase section */
		FC3CAC45289B6C0B00C96BF0 /* CopyFiles */ = {
			isa = PBXCopyFilesBuildPhase;
			buildActionMask = 2147483647;
			dstPath = /usr/share/man/man1/;
			dstSubfolderSpec = 0;
			files = (
			);
			runOnlyForDeploymentPostprocessing = 1;
		};
/* End PBXCopyFilesBuildPhase section */

/* Begin PBXFileReference section */
		FC3CAC47289B6C0B00C96BF0 /* MediaOrganizerCLI */ = {isa = PBXFileReference; explicitFileType = "compiled.mach-o.executable"; includeInIndex = 0; path = MediaOrganizerCLI; sourceTree = BUILT_PRODUCTS_DIR; };
		FC3CAC49289B6C0B00C96BF0 /* main.c */ = {isa = PBXFileReference; lastKnownFileType = sourcecode.c.c; path = main.c; sourceTree = "<group>"; };
		FC4FC72E289B67FA006E419F /* mongo_tools.h */ = {isa = PBXFileReference; lastKnownFileType = sourcecode.c.h; path = mongo_tools.h; sourceTree = "<group>"; };
		FC4FC72F289B67FA006E419F /* mongo_tools.c */ = {isa = PBXFileReference; lastKnownFileType = sourcecode.c.c; path = mongo_tools.c; sourceTree = "<group>"; };
		FC5DD5B4289EADE400456566 /* image_tools.h */ = {isa = PBXFileReference; lastKnownFileType = sourcecode.c.h; path = image_tools.h; sourceTree = "<group>"; };
		FC5DD5B5289EADE400456566 /* image_tools.c */ = {isa = PBXFileReference; lastKnownFileType = sourcecode.c.c; path = image_tools.c; sourceTree = "<group>"; };
		FC9722212890A5D000554912 /* MediaOrganizer.app */ = {isa = PBXFileReference; explicitFileType = wrapper.application; includeInIndex = 0; path = MediaOrganizer.app; sourceTree = BUILT_PRODUCTS_DIR; };
		FC9722242890A5D000554912 /* AppDelegate.swift */ = {isa = PBXFileReference; lastKnownFileType = sourcecode.swift; path = AppDelegate.swift; sourceTree = "<group>"; };
		FC9722262890A5D000554912 /* ViewController.swift */ = {isa = PBXFileReference; lastKnownFileType = sourcecode.swift; path = ViewController.swift; sourceTree = "<group>"; };
		FC9722282890A5D100554912 /* Assets.xcassets */ = {isa = PBXFileReference; lastKnownFileType = folder.assetcatalog; path = Assets.xcassets; sourceTree = "<group>"; };
		FC97222B2890A5D100554912 /* Base */ = {isa = PBXFileReference; lastKnownFileType = file.storyboard; name = Base; path = Base.lproj/Main.storyboard; sourceTree = "<group>"; };
		FC97222D2890A5D100554912 /* MediaOrganizer.entitlements */ = {isa = PBXFileReference; lastKnownFileType = text.plist.entitlements; path = MediaOrganizer.entitlements; sourceTree = "<group>"; };
		FC972236289466EA00554912 /* MediaOrganizer-Bridging-Header.h */ = {isa = PBXFileReference; lastKnownFileType = sourcecode.c.h; path = "MediaOrganizer-Bridging-Header.h"; sourceTree = "<group>"; };
		FCC5FC30289B67E200617A0E /* organizer.h */ = {isa = PBXFileReference; lastKnownFileType = sourcecode.c.h; path = organizer.h; sourceTree = "<group>"; };
		FCC5FC31289B67E200617A0E /* organizer.c */ = {isa = PBXFileReference; lastKnownFileType = sourcecode.c.c; path = organizer.c; sourceTree = "<group>"; };
/* End PBXFileReference section */

/* Begin PBXFrameworksBuildPhase section */
		FC3CAC44289B6C0B00C96BF0 /* Frameworks */ = {
			isa = PBXFrameworksBuildPhase;
			buildActionMask = 2147483647;
			files = (
			);
			runOnlyForDeploymentPostprocessing = 0;
		};
		FC97221E2890A5D000554912 /* Frameworks */ = {
			isa = PBXFrameworksBuildPhase;
			buildActionMask = 2147483647;
			files = (
			);
			runOnlyForDeploymentPostprocessing = 0;
		};
/* End PBXFrameworksBuildPhase section */

/* Begin PBXGroup section */
		FC3CAC48289B6C0B00C96BF0 /* MediaOrganizerCLI */ = {
			isa = PBXGroup;
			children = (
				FC5DD5B3289EADC200456566 /* image_processing */,
				FC4FC72D289B67FA006E419F /* mongo_connector */,
				FCC5FC30289B67E200617A0E /* organizer.h */,
				FCC5FC31289B67E200617A0E /* organizer.c */,
				FC3CAC49289B6C0B00C96BF0 /* main.c */,
			);
			path = MediaOrganizerCLI;
			sourceTree = "<group>";
		};
		FC4FC72D289B67FA006E419F /* mongo_connector */ = {
			isa = PBXGroup;
			children = (
				FC4FC72E289B67FA006E419F /* mongo_tools.h */,
				FC4FC72F289B67FA006E419F /* mongo_tools.c */,
			);
			path = mongo_connector;
			sourceTree = "<group>";
		};
		FC5DD5B3289EADC200456566 /* image_processing */ = {
			isa = PBXGroup;
			children = (
				FC5DD5B4289EADE400456566 /* image_tools.h */,
				FC5DD5B5289EADE400456566 /* image_tools.c */,
			);
			path = image_processing;
			sourceTree = "<group>";
		};
		FC9722182890A5D000554912 = {
			isa = PBXGroup;
			children = (
				FC9722232890A5D000554912 /* MediaOrganizer */,
				FC3CAC48289B6C0B00C96BF0 /* MediaOrganizerCLI */,
				FC9722222890A5D000554912 /* Products */,
			);
			sourceTree = "<group>";
		};
		FC9722222890A5D000554912 /* Products */ = {
			isa = PBXGroup;
			children = (
				FC9722212890A5D000554912 /* MediaOrganizer.app */,
				FC3CAC47289B6C0B00C96BF0 /* MediaOrganizerCLI */,
			);
			name = Products;
			sourceTree = "<group>";
		};
		FC9722232890A5D000554912 /* MediaOrganizer */ = {
			isa = PBXGroup;
			children = (
				FC9722352894667000554912 /* Organizer */,
				FC9722242890A5D000554912 /* AppDelegate.swift */,
				FC9722262890A5D000554912 /* ViewController.swift */,
				FC9722282890A5D100554912 /* Assets.xcassets */,
				FC97222A2890A5D100554912 /* Main.storyboard */,
				FC97222D2890A5D100554912 /* MediaOrganizer.entitlements */,
			);
			path = MediaOrganizer;
			sourceTree = "<group>";
		};
		FC9722352894667000554912 /* Organizer */ = {
			isa = PBXGroup;
			children = (
				FC972236289466EA00554912 /* MediaOrganizer-Bridging-Header.h */,
			);
			path = Organizer;
			sourceTree = "<group>";
		};
/* End PBXGroup section */

/* Begin PBXNativeTarget section */
		FC3CAC46289B6C0B00C96BF0 /* MediaOrganizerCLI */ = {
			isa = PBXNativeTarget;
			buildConfigurationList = FC3CAC4B289B6C0B00C96BF0 /* Build configuration list for PBXNativeTarget "MediaOrganizerCLI" */;
			buildPhases = (
				FC3CAC43289B6C0B00C96BF0 /* Sources */,
				FC3CAC44289B6C0B00C96BF0 /* Frameworks */,
				FC3CAC45289B6C0B00C96BF0 /* CopyFiles */,
			);
			buildRules = (
			);
			dependencies = (
			);
			name = MediaOrganizerCLI;
			productName = MediaOrganizerCLI;
			productReference = FC3CAC47289B6C0B00C96BF0 /* MediaOrganizerCLI */;
			productType = "com.apple.product-type.tool";
		};
		FC9722202890A5D000554912 /* MediaOrganizer */ = {
			isa = PBXNativeTarget;
			buildConfigurationList = FC9722302890A5D100554912 /* Build configuration list for PBXNativeTarget "MediaOrganizer" */;
			buildPhases = (
				FC97221D2890A5D000554912 /* Sources */,
				FC97221E2890A5D000554912 /* Frameworks */,
				FC97221F2890A5D000554912 /* Resources */,
			);
			buildRules = (
			);
			dependencies = (
			);
			name = MediaOrganizer;
			productName = MediaOrganizer;
			productReference = FC9722212890A5D000554912 /* MediaOrganizer.app */;
			productType = "com.apple.product-type.application";
		};
/* End PBXNativeTarget section */

/* Begin PBXProject section */
		FC9722192890A5D000554912 /* Project object */ = {
			isa = PBXProject;
			attributes = {
				BuildIndependentTargetsInParallel = 1;
				LastSwiftUpdateCheck = 1320;
				LastUpgradeCheck = 1410;
				TargetAttributes = {
					FC3CAC46289B6C0B00C96BF0 = {
						CreatedOnToolsVersion = 13.2.1;
					};
					FC9722202890A5D000554912 = {
						CreatedOnToolsVersion = 13.2.1;
						LastSwiftMigration = 1320;
					};
				};
			};
			buildConfigurationList = FC97221C2890A5D000554912 /* Build configuration list for PBXProject "MediaOrganizer" */;
			compatibilityVersion = "Xcode 13.0";
			developmentRegion = en;
			hasScannedForEncodings = 0;
			knownRegions = (
				en,
				Base,
			);
			mainGroup = FC9722182890A5D000554912;
			productRefGroup = FC9722222890A5D000554912 /* Products */;
			projectDirPath = "";
			projectRoot = "";
			targets = (
				FC9722202890A5D000554912 /* MediaOrganizer */,
				FC3CAC46289B6C0B00C96BF0 /* MediaOrganizerCLI */,
			);
		};
/* End PBXProject section */

/* Begin PBXResourcesBuildPhase section */
		FC97221F2890A5D000554912 /* Resources */ = {
			isa = PBXResourcesBuildPhase;
			buildActionMask = 2147483647;
			files = (
				FC9722292890A5D100554912 /* Assets.xcassets in Resources */,
				FC97222C2890A5D100554912 /* Main.storyboard in Resources */,
			);
			runOnlyForDeploymentPostprocessing = 0;
		};
/* End PBXResourcesBuildPhase section */

/* Begin PBXSourcesBuildPhase section */
		FC3CAC43289B6C0B00C96BF0 /* Sources */ = {
			isa = PBXSourcesBuildPhase;
			buildActionMask = 2147483647;
			files = (
				FC3CAC4A289B6C0B00C96BF0 /* main.c in Sources */,
				FC5DD5B6289EADE400456566 /* image_tools.c in Sources */,
				FC3CAC50289B71E500C96BF0 /* mongo_tools.c in Sources */,
				FC3CAC4F289B6C1D00C96BF0 /* organizer.c in Sources */,
			);
			runOnlyForDeploymentPostprocessing = 0;
		};
		FC97221D2890A5D000554912 /* Sources */ = {
			isa = PBXSourcesBuildPhase;
			buildActionMask = 2147483647;
			files = (
				FC9722272890A5D000554912 /* ViewController.swift in Sources */,
				FC9722252890A5D000554912 /* AppDelegate.swift in Sources */,
			);
			runOnlyForDeploymentPostprocessing = 0;
		};
/* End PBXSourcesBuildPhase section */

/* Begin PBXVariantGroup section */
		FC97222A2890A5D100554912 /* Main.storyboard */ = {
			isa = PBXVariantGroup;
			children = (
				FC97222B2890A5D100554912 /* Base */,
			);
			name = Main.storyboard;
			sourceTree = "<group>";
		};
/* End PBXVariantGroup section */

/* Begin XCBuildConfiguration section */
		FC3CAC4C289B6C0B00C96BF0 /* Debug */ = {
			isa = XCBuildConfiguration;
			buildSettings = {
				ALWAYS_SEARCH_USER_PATHS = NO;
				CODE_SIGN_STYLE = Automatic;
				GCC_C_LANGUAGE_STANDARD = "compiler-default";
				HEADER_SEARCH_PATHS = (
					"/opt/homebrew/Cellar/jpeg/9e/include/**",
					"/opt/homebrew/Cellar/libraw/0.20.2_4/include/**",
					"/opt/homebrew/Cellar/mongo-c-driver/1.23.1/include/**",
					"/opt/homebrew/Cellar/libexif/0.6.24/include/**",
				);
				LIBRARY_SEARCH_PATHS = (
					"/opt/homebrew/Cellar/jpeg/9e/lib/**",
					"/opt/homebrew/Cellar/mongo-c-driver/1.23.1/lib/**",
					"/opt/homebrew/Cellar/libraw/0.20.2_4/lib/**",
					"/opt/homebrew/Cellar/libexif/0.6.24/lib/**",
				);
				OTHER_CFLAGS = "";
				OTHER_LDFLAGS = (
					"-lmongoc-1.0",
					"-lbson-1.0",
					"-lraw",
					"-ljpeg",
				);
				PRODUCT_NAME = "$(TARGET_NAME)";
				SDKROOT = macosx;
			};
			name = Debug;
		};
		FC3CAC4D289B6C0B00C96BF0 /* Release */ = {
			isa = XCBuildConfiguration;
			buildSettings = {
				ALWAYS_SEARCH_USER_PATHS = NO;
				CODE_SIGN_STYLE = Automatic;
				GCC_C_LANGUAGE_STANDARD = "compiler-default";
				HEADER_SEARCH_PATHS = (
					"/opt/homebrew/Cellar/jpeg/9e/include/**",
					"/opt/homebrew/Cellar/libraw/0.20.2_4/include/**",
					"/opt/homebrew/Cellar/mongo-c-driver/1.23.1/include/**",
					"/opt/homebrew/Cellar/libexif/0.6.24/include/**",
				);
				LIBRARY_SEARCH_PATHS = (
					"/opt/homebrew/Cellar/jpeg/9e/lib/**",
					"/opt/homebrew/Cellar/mongo-c-driver/1.23.1/lib/**",
					"/opt/homebrew/Cellar/libraw/0.20.2_4/lib/**",
					"/opt/homebrew/Cellar/libexif/0.6.24/lib/**",
				);
				OTHER_CFLAGS = "";
				OTHER_LDFLAGS = (
					"-lmongoc-1.0",
					"-lbson-1.0",
					"-lraw",
					"-ljpeg",
				);
				PRODUCT_NAME = "$(TARGET_NAME)";
				SDKROOT = macosx;
			};
			name = Release;
		};
		FC97222E2890A5D100554912 /* Debug */ = {
			isa = XCBuildConfiguration;
			buildSettings = {
				ALWAYS_SEARCH_USER_PATHS = NO;
				CLANG_ANALYZER_NONNULL = YES;
				CLANG_ANALYZER_NUMBER_OBJECT_CONVERSION = YES_AGGRESSIVE;
				CLANG_CXX_LANGUAGE_STANDARD = "compiler-default";
				CLANG_CXX_LIBRARY = "libc++";
				CLANG_ENABLE_MODULES = YES;
				CLANG_ENABLE_OBJC_ARC = YES;
				CLANG_ENABLE_OBJC_WEAK = YES;
				CLANG_WARN_BLOCK_CAPTURE_AUTORELEASING = YES;
				CLANG_WARN_BOOL_CONVERSION = YES;
				CLANG_WARN_COMMA = YES;
				CLANG_WARN_CONSTANT_CONVERSION = YES;
				CLANG_WARN_DEPRECATED_OBJC_IMPLEMENTATIONS = YES;
				CLANG_WARN_DIRECT_OBJC_ISA_USAGE = YES_ERROR;
				CLANG_WARN_DOCUMENTATION_COMMENTS = YES;
				CLANG_WARN_EMPTY_BODY = YES;
				CLANG_WARN_ENUM_CONVERSION = YES;
				CLANG_WARN_INFINITE_RECURSION = YES;
				CLANG_WARN_INT_CONVERSION = YES;
				CLANG_WARN_NON_LITERAL_NULL_CONVERSION = YES;
				CLANG_WARN_OBJC_IMPLICIT_RETAIN_SELF = YES;
				CLANG_WARN_OBJC_LITERAL_CONVERSION = YES;
				CLANG_WARN_OBJC_ROOT_CLASS = YES_ERROR;
				CLANG_WARN_QUOTED_INCLUDE_IN_FRAMEWORK_HEADER = YES;
				CLANG_WARN_RANGE_LOOP_ANALYSIS = YES;
				CLANG_WARN_STRICT_PROTOTYPES = YES;
				CLANG_WARN_SUSPICIOUS_MOVE = YES;
				CLANG_WARN_UNGUARDED_AVAILABILITY = YES_AGGRESSIVE;
				CLANG_WARN_UNREACHABLE_CODE = YES;
				CLANG_WARN__DUPLICATE_METHOD_MATCH = YES;
				COPY_PHASE_STRIP = NO;
				DEBUG_INFORMATION_FORMAT = dwarf;
				ENABLE_STRICT_OBJC_MSGSEND = YES;
				ENABLE_TESTABILITY = YES;
				GCC_C_LANGUAGE_STANDARD = "compiler-default";
				GCC_DYNAMIC_NO_PIC = NO;
				GCC_NO_COMMON_BLOCKS = YES;
				GCC_OPTIMIZATION_LEVEL = 0;
				GCC_PREPROCESSOR_DEFINITIONS = (
					"DEBUG=1",
					"$(inherited)",
				);
				GCC_WARN_64_TO_32_BIT_CONVERSION = YES;
				GCC_WARN_ABOUT_RETURN_TYPE = YES_ERROR;
				GCC_WARN_UNDECLARED_SELECTOR = YES;
				GCC_WARN_UNINITIALIZED_AUTOS = YES_AGGRESSIVE;
				GCC_WARN_UNUSED_FUNCTION = YES;
				GCC_WARN_UNUSED_VARIABLE = YES;
				LIBRARY_SEARCH_PATHS = "";
				MACOSX_DEPLOYMENT_TARGET = 12.1;
				MTL_ENABLE_DEBUG_INFO = INCLUDE_SOURCE;
				MTL_FAST_MATH = YES;
				ONLY_ACTIVE_ARCH = YES;
				SDKROOT = macosx;
				SWIFT_ACTIVE_COMPILATION_CONDITIONS = DEBUG;
				SWIFT_OPTIMIZATION_LEVEL = "-Onone";
			};
			name = Debug;
		};
		FC97222F2890A5D100554912 /* Release */ = {
			isa = XCBuildConfiguration;
			buildSettings = {
				ALWAYS_SEARCH_USER_PATHS = NO;
				CLANG_ANALYZER_NONNULL = YES;
				CLANG_ANALYZER_NUMBER_OBJECT_CONVERSION = YES_AGGRESSIVE;
				CLANG_CXX_LANGUAGE_STANDARD = "compiler-default";
				CLANG_CXX_LIBRARY = "libc++";
				CLANG_ENABLE_MODULES = YES;
				CLANG_ENABLE_OBJC_ARC = YES;
				CLANG_ENABLE_OBJC_WEAK = YES;
				CLANG_WARN_BLOCK_CAPTURE_AUTORELEASING = YES;
				CLANG_WARN_BOOL_CONVERSION = YES;
				CLANG_WARN_COMMA = YES;
				CLANG_WARN_CONSTANT_CONVERSION = YES;
				CLANG_WARN_DEPRECATED_OBJC_IMPLEMENTATIONS = YES;
				CLANG_WARN_DIRECT_OBJC_ISA_USAGE = YES_ERROR;
				CLANG_WARN_DOCUMENTATION_COMMENTS = YES;
				CLANG_WARN_EMPTY_BODY = YES;
				CLANG_WARN_ENUM_CONVERSION = YES;
				CLANG_WARN_INFINITE_RECURSION = YES;
				CLANG_WARN_INT_CONVERSION = YES;
				CLANG_WARN_NON_LITERAL_NULL_CONVERSION = YES;
				CLANG_WARN_OBJC_IMPLICIT_RETAIN_SELF = YES;
				CLANG_WARN_OBJC_LITERAL_CONVERSION = YES;
				CLANG_WARN_OBJC_ROOT_CLASS = YES_ERROR;
				CLANG_WARN_QUOTED_INCLUDE_IN_FRAMEWORK_HEADER = YES;
				CLANG_WARN_RANGE_LOOP_ANALYSIS = YES;
				CLANG_WARN_STRICT_PROTOTYPES = YES;
				CLANG_WARN_SUSPICIOUS_MOVE = YES;
				CLANG_WARN_UNGUARDED_AVAILABILITY = YES_AGGRESSIVE;
				CLANG_WARN_UNREACHABLE_CODE = YES;
				CLANG_WARN__DUPLICATE_METHOD_MATCH = YES;
				COPY_PHASE_STRIP = NO;
				DEBUG_INFORMATION_FORMAT = "dwarf-with-dsym";
				ENABLE_NS_ASSERTIONS = NO;
				ENABLE_STRICT_OBJC_MSGSEND = YES;
				GCC_C_LANGUAGE_STANDARD = "compiler-default";
				GCC_NO_COMMON_BLOCKS = YES;
				GCC_WARN_64_TO_32_BIT_CONVERSION = YES;
				GCC_WARN_ABOUT_RETURN_TYPE = YES_ERROR;
				GCC_WARN_UNDECLARED_SELECTOR = YES;
				GCC_WARN_UNINITIALIZED_AUTOS = YES_AGGRESSIVE;
				GCC_WARN_UNUSED_FUNCTION = YES;
				GCC_WARN_UNUSED_VARIABLE = YES;
				LIBRARY_SEARCH_PATHS = "";
				MACOSX_DEPLOYMENT_TARGET = 12.1;
				MTL_ENABLE_DEBUG_INFO = NO;
				MTL_FAST_MATH = YES;
				SDKROOT = macosx;
				SWIFT_COMPILATION_MODE = wholemodule;
				SWIFT_OPTIMIZATION_LEVEL = "-O";
			};
			name = Release;
		};
		FC9722312890A5D100554912 /* Debug */ = {
			isa = XCBuildConfiguration;
			buildSettings = {
				ASSETCATALOG_COMPILER_APPICON_NAME = AppIcon;
				ASSETCATALOG_COMPILER_GLOBAL_ACCENT_COLOR_NAME = AccentColor;
				CLANG_ENABLE_MODULES = YES;
				CODE_SIGN_ENTITLEMENTS = MediaOrganizer/MediaOrganizer.entitlements;
				CODE_SIGN_STYLE = Automatic;
				COMBINE_HIDPI_IMAGES = YES;
				CURRENT_PROJECT_VERSION = 1;
				GENERATE_INFOPLIST_FILE = YES;
				INFOPLIST_KEY_NSHumanReadableCopyright = "";
				INFOPLIST_KEY_NSMainStoryboardFile = Main;
				INFOPLIST_KEY_NSPrincipalClass = NSApplication;
				LD_RUNPATH_SEARCH_PATHS = (
					"$(inherited)",
					"@executable_path/../Frameworks",
				);
				MARKETING_VERSION = 1.0;
				PRODUCT_BUNDLE_IDENTIFIER = com.jbridge.MediaOrganizer;
				PRODUCT_NAME = "$(TARGET_NAME)";
				SWIFT_EMIT_LOC_STRINGS = YES;
				SWIFT_OBJC_BRIDGING_HEADER = "MediaOrganizer/Organizer/MediaOrganizer-Bridging-Header.h";
				SWIFT_OPTIMIZATION_LEVEL = "-Onone";
				SWIFT_VERSION = 5.0;
			};
			name = Debug;
		};
		FC9722322890A5D100554912 /* Release */ = {
			isa = XCBuildConfiguration;
			buildSettings = {
				ASSETCATALOG_COMPILER_APPICON_NAME = AppIcon;
				ASSETCATALOG_COMPILER_GLOBAL_ACCENT_COLOR_NAME = AccentColor;
				CLANG_ENABLE_MODULES = YES;
				CODE_SIGN_ENTITLEMENTS = MediaOrganizer/MediaOrganizer.entitlements;
				CODE_SIGN_STYLE = Automatic;
				COMBINE_HIDPI_IMAGES = YES;
				CURRENT_PROJECT_VERSION = 1;
				GENERATE_INFOPLIST_FILE = YES;
				INFOPLIST_KEY_NSHumanReadableCopyright = "";
				INFOPLIST_KEY_NSMainStoryboardFile = Main;
				INFOPLIST_KEY_NSPrincipalClass = NSApplication;
				LD_RUNPATH_SEARCH_PATHS = (
					"$(inherited)",
					"@executable_path/../Frameworks",
				);
				MARKETING_VERSION = 1.0;
				PRODUCT_BUNDLE_IDENTIFIER = com.jbridge.MediaOrganizer;
				PRODUCT_NAME = "$(TARGET_NAME)";
				SWIFT_EMIT_LOC_STRINGS = YES;
				SWIFT_OBJC_BRIDGING_HEADER = "MediaOrganizer/Organizer/MediaOrganizer-Bridging-Header.h";
				SWIFT_VERSION = 5.0;
			};
			name = Release;
		};
/* End XCBuildConfiguration section */

/* Begin XCConfigurationList section */
		FC3CAC4B289B6C0B00C96BF0 /* Build configuration list for PBXNativeTarget "MediaOrganizerCLI" */ = {
			isa = XCConfigurationList;
			buildConfigurations = (
				FC3CAC4C289B6C0B00C96BF0 /* Debug */,
				FC3CAC4D289B6C0B00C96BF0 /* Release */,
			);
			defaultConfigurationIsVisible = 0;
			defaultConfigurationName = Release;
		};
		FC97221C2890A5D000554912 /* Build configuration list for PBXProject "MediaOrganizer" */ = {
			isa = XCConfigurationList;
			buildConfigurations = (
				FC97222E2890A5D100554912 /* Debug */,
				FC97222F2890A5D100554912 /* Release */,
			);
			defaultConfigurationIsVisible = 0;
			defaultConfigurationName = Release;
		};
		FC9722302890A5D100554912 /* Build configuration list for PBXNativeTarget "MediaOrganizer" */ = {
			isa = XCConfigurationList;
			buildConfigurations = (
				FC9722312890A5D100554912 /* Debug */,
				FC9722322890A5D100554912 /* Release */,
			);
			defaultConfigurationIsVisible = 0;
			defaultConfigurationName = Release;
		};
/* End XCConfigurationList section */
	};
	rootObject = FC9722192890A5D000554912 /* Project object */;
}
